
Microsoft Visual Studio Solution File, Format Version 12.00
# Visual Studio Version 16
VisualStudioVersion = 16.0.30717.126
MinimumVisualStudioVersion = 10.0.40219.1
Project("{FAE04EC0-301F-11D3-BF4B-00C04F79EFBC}") = "DarkUI.Net5", "DarkUI.Net5\DarkUI.Net5.csproj", "{97F13B0B-AD9A-4B4E-BDCA-BFCB425F919E}"
EndProject
Project("{FAE04EC0-301F-11D3-BF4B-00C04F79EFBC}") = "Example.Net5", "Example.Net5\Example.Net5.csproj", "{BC2789FA-7509-49E8-970B-90435D036A50}"
EndProject
Global
	GlobalSection(SolutionConfigurationPlatforms) = preSolution
		Debug|Any CPU = Debug|Any CPU
		Release|Any CPU = Release|Any CPU
	EndGlobalSection
	GlobalSection(ProjectConfigurationPlatforms) = postSolution
		{97F13B0B-AD9A-4B4E-BDCA-BFCB425F919E}.Debug|Any CPU.ActiveCfg = Debug|Any CPU
		{97F13B0B-AD9A-4B4E-BDCA-BFCB425F919E}.Debug|Any CPU.Build.0 = Debug|Any CPU
		{97F13B0B-AD9A-4B4E-BDCA-BFCB425F919E}.Release|Any CPU.ActiveCfg = Release|Any CPU
		{97F13B0B-AD9A-4B4E-BDCA-BFCB425F919E}.Release|Any CPU.Build.0 = Release|Any CPU
		{BC2789FA-7509-49E8-970B-90435D036A50}.Debug|Any CPU.ActiveCfg = Debug|Any CPU
		{BC2789FA-7509-49E8-970B-90435D036A50}.Debug|Any CPU.Build.0 = Debug|Any CPU
		{BC2789FA-7509-49E8-970B-90435D036A50}.Release|Any CPU.ActiveCfg = Release|Any CPU
		{BC2789FA-7509-49E8-970B-90435D036A50}.Release|Any CPU.Build.0 = Release|Any CPU
	EndGlobalSection
	GlobalSection(SolutionProperties) = preSolution
		HideSolutionNode = FALSE
	EndGlobalSection
	GlobalSection(ExtensibilityGlobals) = postSolution
		SolutionGuid = {8ED72C67-B0E8-4026-8DAF-7E5C4B77339F}
	EndGlobalSection
EndGlobal
